
Microsoft Visual Studio Solution File, Format Version 12.00
# Visual Studio Version 16
VisualStudioVersion = 16.0.33423.256
MinimumVisualStudioVersion = 10.0.40219.1
Project("{9A19103F-16F7-4668-BE54-9A1E7A4F7556}") = "Domain", "Domain\Domain.csproj", "{38CB2461-9066-4574-97DE-1A406E750472}"
EndProject
Project("{9A19103F-16F7-4668-BE54-9A1E7A4F7556}") = "Data", "Data\Data.csproj", "{A9CEF2CE-11E5-4E0E-B8CD-6560567F020D}"
EndProject
Project("{9A19103F-16F7-4668-BE54-9A1E7A4F7556}") = "WinFormsApp85", "WinFormsApp85\WinFormsApp85.csproj", "{F3A0910B-607B-4F22-B1AB-A219F5796C6E}"
EndProject
Project("{9A19103F-16F7-4668-BE54-9A1E7A4F7556}") = "Framework", "Framework\Framework.csproj", "{30A3BA42-7747-4EAC-A8C6-F94DA1AA5620}"
EndProject
Project("{9A19103F-16F7-4668-BE54-9A1E7A4F7556}") = "Business", "Business\Business.csproj", "{976F96F2-B336-4AB1-A23A-1E1A2F123282}"
EndProject
Global
	GlobalSection(SolutionConfigurationPlatforms) = preSolution
		Debug|Any CPU = Debug|Any CPU
		Release|Any CPU = Release|Any CPU
	EndGlobalSection
	GlobalSection(ProjectConfigurationPlatforms) = postSolution
		{38CB2461-9066-4574-97DE-1A406E750472}.Debug|Any CPU.ActiveCfg = Debug|Any CPU
		{38CB2461-9066-4574-97DE-1A406E750472}.Debug|Any CPU.Build.0 = Debug|Any CPU
		{38CB2461-9066-4574-97DE-1A406E750472}.Release|Any CPU.ActiveCfg = Release|Any CPU
		{38CB2461-9066-4574-97DE-1A406E750472}.Release|Any CPU.Build.0 = Release|Any CPU
		{A9CEF2CE-11E5-4E0E-B8CD-6560567F020D}.Debug|Any CPU.ActiveCfg = Debug|Any CPU
		{A9CEF2CE-11E5-4E0E-B8CD-6560567F020D}.Debug|Any CPU.Build.0 = Debug|Any CPU
		{A9CEF2CE-11E5-4E0E-B8CD-6560567F020D}.Release|Any CPU.ActiveCfg = Release|Any CPU
		{A9CEF2CE-11E5-4E0E-B8CD-6560567F020D}.Release|Any CPU.Build.0 = Release|Any CPU
		{F3A0910B-607B-4F22-B1AB-A219F5796C6E}.Debug|Any CPU.ActiveCfg = Debug|Any CPU
		{F3A0910B-607B-4F22-B1AB-A219F5796C6E}.Debug|Any CPU.Build.0 = Debug|Any CPU
		{F3A0910B-607B-4F22-B1AB-A219F5796C6E}.Release|Any CPU.ActiveCfg = Release|Any CPU
		{F3A0910B-607B-4F22-B1AB-A219F5796C6E}.Release|Any CPU.Build.0 = Release|Any CPU
		{30A3BA42-7747-4EAC-A8C6-F94DA1AA5620}.Debug|Any CPU.ActiveCfg = Debug|Any CPU
		{30A3BA42-7747-4EAC-A8C6-F94DA1AA5620}.Debug|Any CPU.Build.0 = Debug|Any CPU
		{30A3BA42-7747-4EAC-A8C6-F94DA1AA5620}.Release|Any CPU.ActiveCfg = Release|Any CPU
		{30A3BA42-7747-4EAC-A8C6-F94DA1AA5620}.Release|Any CPU.Build.0 = Release|Any CPU
		{976F96F2-B336-4AB1-A23A-1E1A2F123282}.Debug|Any CPU.ActiveCfg = Debug|Any CPU
		{976F96F2-B336-4AB1-A23A-1E1A2F123282}.Debug|Any CPU.Build.0 = Debug|Any CPU
		{976F96F2-B336-4AB1-A23A-1E1A2F123282}.Release|Any CPU.ActiveCfg = Release|Any CPU
		{976F96F2-B336-4AB1-A23A-1E1A2F123282}.Release|Any CPU.Build.0 = Release|Any CPU
	EndGlobalSection
	GlobalSection(SolutionProperties) = preSolution
		HideSolutionNode = FALSE
	EndGlobalSection
	GlobalSection(ExtensibilityGlobals) = postSolution
		SolutionGuid = {30AD0C31-E45C-4107-B3FE-4CC777B17CF9}
	EndGlobalSection
EndGlobal
